
Microsoft Visual Studio Solution File, Format Version 12.00
# Visual Studio 15
VisualStudioVersion = 15.0.27004.2005
MinimumVisualStudioVersion = 10.0.40219.1
Project("{888888A0-9F3D-457C-B088-3A5042F75D52}") = "flaskdeploystack", "flaskdeploystack\flaskdeploystack.pyproj", "{D09B9A10-B21B-4E6F-A779-1FDA033D1709}"
EndProject
Global
	GlobalSection(SolutionConfigurationPlatforms) = preSolution
		Debug|Any CPU = Debug|Any CPU
		Release|Any CPU = Release|Any CPU
	EndGlobalSection
	GlobalSection(ProjectConfigurationPlatforms) = postSolution
		{D09B9A10-B21B-4E6F-A779-1FDA033D1709}.Debug|Any CPU.ActiveCfg = Debug|Any CPU
		{D09B9A10-B21B-4E6F-A779-1FDA033D1709}.Debug|Any CPU.Build.0 = Debug|Any CPU
		{D09B9A10-B21B-4E6F-A779-1FDA033D1709}.Release|Any CPU.ActiveCfg = Release|Any CPU
		{D09B9A10-B21B-4E6F-A779-1FDA033D1709}.Release|Any CPU.Build.0 = Release|Any CPU
	EndGlobalSection
	GlobalSection(SolutionProperties) = preSolution
		HideSolutionNode = FALSE
	EndGlobalSection
	GlobalSection(ExtensibilityGlobals) = postSolution
		SolutionGuid = {F47E9F98-F668-4231-9032-FD0B10DAB761}
	EndGlobalSection
EndGlobal
